{
  "name": "cloud-ci-cd-demo",
  "version": "1.0.0",
  "lockfileVersion": 3,
  "requires": true,
  "packages": {
    "": {
      "name": "cloud-ci-cd-demo",
      "version": "1.0.0",
      "license": "MIT",
      "dependencies": {
        "express": "^4.21.1"
      },
      "devDependencies": {
        "jest": "^29.7.0",
        "supertest": "^7.1.1"
      }
    },
    "node_modules/express": {
      "version": "4.21.1",
      "resolved": "https://registry.npmjs.org/express/-/express-4.21.1.tgz",
      "integrity": "sha512-9ZzmQmYBv3RT
